
Microsoft Visual Studio Solution File, Format Version 12.00
# Visual Studio Version 16
VisualStudioVersion = 16.0.29001.49
MinimumVisualStudioVersion = 10.0.40219.1
Project("{FAE04EC0-301F-11D3-BF4B-00C04F79EFBC}") = "resistance assignment 2", "resistance assignment 2\resistance assignment 2.csproj", "{DA3039B6-CA64-4468-952F-D418468C7D9A}"
EndProject
Global
	GlobalSection(SolutionConfigurationPlatforms) = preSolution
		Debug|Any CPU = Debug|Any CPU
		Release|Any CPU = Release|Any CPU
	EndGlobalSection
	GlobalSection(ProjectConfigurationPlatforms) = postSolution
		{DA3039B6-CA64-4468-952F-D418468C7D9A}.Debug|Any CPU.ActiveCfg = Debug|Any CPU
		{DA3039B6-CA64-4468-952F-D418468C7D9A}.Debug|Any CPU.Build.0 = Debug|Any CPU
		{DA3039B6-CA64-4468-952F-D418468C7D9A}.Release|Any CPU.ActiveCfg = Release|Any CPU
		{DA3039B6-CA64-4468-952F-D418468C7D9A}.Release|Any CPU.Build.0 = Release|Any CPU
	EndGlobalSection
	GlobalSection(SolutionProperties) = preSolution
		HideSolutionNode = FALSE
	EndGlobalSection
	GlobalSection(ExtensibilityGlobals) = postSolution
		SolutionGuid = {796E37DB-5AFF-4EA2-B3EE-1C3E0B6811ED}
	EndGlobalSection
EndGlobal
